
Microsoft Visual Studio Solution File, Format Version 12.00
# Visual Studio 15
VisualStudioVersion = 15.0.28010.2041
MinimumVisualStudioVersion = 10.0.40219.1
Project("{FAE04EC0-301F-11D3-BF4B-00C04F79EFBC}") = "MyFinance", "MyFinance\MyFinance.csproj", "{0695B233-CC9B-44F5-8D19-FAA4BB02834B}"
EndProject
Global
	GlobalSection(SolutionConfigurationPlatforms) = preSolution
		Debug|Any CPU = Debug|Any CPU
		Release|Any CPU = Release|Any CPU
	EndGlobalSection
	GlobalSection(ProjectConfigurationPlatforms) = postSolution
		{0695B233-CC9B-44F5-8D19-FAA4BB02834B}.Debug|Any CPU.ActiveCfg = Debug|Any CPU
		{0695B233-CC9B-44F5-8D19-FAA4BB02834B}.Debug|Any CPU.Build.0 = Debug|Any CPU
		{0695B233-CC9B-44F5-8D19-FAA4BB02834B}.Release|Any CPU.ActiveCfg = Release|Any CPU
		{0695B233-CC9B-44F5-8D19-FAA4BB02834B}.Release|Any CPU.Build.0 = Release|Any CPU
	EndGlobalSection
	GlobalSection(SolutionProperties) = preSolution
		HideSolutionNode = FALSE
	EndGlobalSection
	GlobalSection(ExtensibilityGlobals) = postSolution
		SolutionGuid = {8C04E54B-BCDC-44C9-BBBF-A44F514E5620}
	EndGlobalSection
EndGlobal
